
Microsoft Visual Studio Solution File, Format Version 12.00
# Visual Studio 15
VisualStudioVersion = 15.0.27703.2042
MinimumVisualStudioVersion = 10.0.40219.1
Project("{FAE04EC0-301F-11D3-BF4B-00C04F79EFBC}") = "Dmytro_Geras_Lab07_Sec001", "Dmytro_Geras_Lab07_Sec001\Dmytro_Geras_Lab07_Sec001.csproj", "{32082EF5-7D48-4F1C-B21D-3B2CDEFADB4D}"
EndProject
Global
	GlobalSection(SolutionConfigurationPlatforms) = preSolution
		Debug|Any CPU = Debug|Any CPU
		Release|Any CPU = Release|Any CPU
	EndGlobalSection
	GlobalSection(ProjectConfigurationPlatforms) = postSolution
		{32082EF5-7D48-4F1C-B21D-3B2CDEFADB4D}.Debug|Any CPU.ActiveCfg = Debug|Any CPU
		{32082EF5-7D48-4F1C-B21D-3B2CDEFADB4D}.Debug|Any CPU.Build.0 = Debug|Any CPU
		{32082EF5-7D48-4F1C-B21D-3B2CDEFADB4D}.Release|Any CPU.ActiveCfg = Release|Any CPU
		{32082EF5-7D48-4F1C-B21D-3B2CDEFADB4D}.Release|Any CPU.Build.0 = Release|Any CPU
	EndGlobalSection
	GlobalSection(SolutionProperties) = preSolution
		HideSolutionNode = FALSE
	EndGlobalSection
	GlobalSection(ExtensibilityGlobals) = postSolution
		SolutionGuid = {7202B0D4-C573-499E-A431-322D9FFC9D4C}
	EndGlobalSection
EndGlobal
